
Microsoft Visual Studio Solution File, Format Version 12.00
# Visual Studio 14
VisualStudioVersion = 14.0.25420.1
MinimumVisualStudioVersion = 10.0.40219.1
Project("{FAE04EC0-301F-11D3-BF4B-00C04F79EFBC}") = "ParalellLoops", "ParalellLoops\ParalellLoops.csproj", "{9DA6A9CB-1ED2-4F7D-B34D-DC15AC4D628C}"
EndProject
Project("{FAE04EC0-301F-11D3-BF4B-00C04F79EFBC}") = "WorkerTest", "WorkerTest\WorkerTest.csproj", "{1817FE1A-158A-42AB-BB8B-E55B3CC0623C}"
EndProject
Project("{FAE04EC0-301F-11D3-BF4B-00C04F79EFBC}") = "FeedingWorkerExample", "FeedingWorkerExample\FeedingWorkerExample.csproj", "{5EB8A5A8-EC51-4DBD-8467-E8FBC1ABFC82}"
EndProject
Project("{FAE04EC0-301F-11D3-BF4B-00C04F79EFBC}") = "ObjectWorker", "ObjectWorker\ObjectWorker.csproj", "{D204A9A8-A108-4423-B3D2-AA2187E3620D}"
EndProject
Global
	GlobalSection(SolutionConfigurationPlatforms) = preSolution
		Debug|Any CPU = Debug|Any CPU
		Release|Any CPU = Release|Any CPU
	EndGlobalSection
	GlobalSection(ProjectConfigurationPlatforms) = postSolution
		{9DA6A9CB-1ED2-4F7D-B34D-DC15AC4D628C}.Debug|Any CPU.ActiveCfg = Debug|Any CPU
		{9DA6A9CB-1ED2-4F7D-B34D-DC15AC4D628C}.Debug|Any CPU.Build.0 = Debug|Any CPU
		{9DA6A9CB-1ED2-4F7D-B34D-DC15AC4D628C}.Release|Any CPU.ActiveCfg = Release|Any CPU
		{9DA6A9CB-1ED2-4F7D-B34D-DC15AC4D628C}.Release|Any CPU.Build.0 = Release|Any CPU
		{1817FE1A-158A-42AB-BB8B-E55B3CC0623C}.Debug|Any CPU.ActiveCfg = Debug|Any CPU
		{1817FE1A-158A-42AB-BB8B-E55B3CC0623C}.Debug|Any CPU.Build.0 = Debug|Any CPU
		{1817FE1A-158A-42AB-BB8B-E55B3CC0623C}.Release|Any CPU.ActiveCfg = Release|Any CPU
		{1817FE1A-158A-42AB-BB8B-E55B3CC0623C}.Release|Any CPU.Build.0 = Release|Any CPU
		{5EB8A5A8-EC51-4DBD-8467-E8FBC1ABFC82}.Debug|Any CPU.ActiveCfg = Debug|Any CPU
		{5EB8A5A8-EC51-4DBD-8467-E8FBC1ABFC82}.Debug|Any CPU.Build.0 = Debug|Any CPU
		{5EB8A5A8-EC51-4DBD-8467-E8FBC1ABFC82}.Release|Any CPU.ActiveCfg = Release|Any CPU
		{5EB8A5A8-EC51-4DBD-8467-E8FBC1ABFC82}.Release|Any CPU.Build.0 = Release|Any CPU
		{D204A9A8-A108-4423-B3D2-AA2187E3620D}.Debug|Any CPU.ActiveCfg = Debug|Any CPU
		{D204A9A8-A108-4423-B3D2-AA2187E3620D}.Debug|Any CPU.Build.0 = Debug|Any CPU
		{D204A9A8-A108-4423-B3D2-AA2187E3620D}.Release|Any CPU.ActiveCfg = Release|Any CPU
		{D204A9A8-A108-4423-B3D2-AA2187E3620D}.Release|Any CPU.Build.0 = Release|Any CPU
	EndGlobalSection
	GlobalSection(SolutionProperties) = preSolution
		HideSolutionNode = FALSE
	EndGlobalSection
EndGlobal
